
Microsoft Visual Studio Solution File, Format Version 12.00
# Visual Studio 15
VisualStudioVersion = 15.0.28307.102
MinimumVisualStudioVersion = 10.0.40219.1
Project("{FAE04EC0-301F-11D3-BF4B-00C04F79EFBC}") = "DepotLabelPrint", "DepotLabelPrint\DepotLabelPrint.csproj", "{AD50ED31-67BE-48B8-9CCD-61EE9CD02275}"
EndProject
Global
	GlobalSection(SolutionConfigurationPlatforms) = preSolution
		Debug|Any CPU = Debug|Any CPU
		Release|Any CPU = Release|Any CPU
	EndGlobalSection
	GlobalSection(ProjectConfigurationPlatforms) = postSolution
		{AD50ED31-67BE-48B8-9CCD-61EE9CD02275}.Debug|Any CPU.ActiveCfg = Debug|Any CPU
		{AD50ED31-67BE-48B8-9CCD-61EE9CD02275}.Debug|Any CPU.Build.0 = Debug|Any CPU
		{AD50ED31-67BE-48B8-9CCD-61EE9CD02275}.Release|Any CPU.ActiveCfg = Release|Any CPU
		{AD50ED31-67BE-48B8-9CCD-61EE9CD02275}.Release|Any CPU.Build.0 = Release|Any CPU
	EndGlobalSection
	GlobalSection(SolutionProperties) = preSolution
		HideSolutionNode = FALSE
	EndGlobalSection
	GlobalSection(ExtensibilityGlobals) = postSolution
		SolutionGuid = {7074F69B-23C8-4C41-86E5-D46429B12133}
	EndGlobalSection
EndGlobal
